// !$*UTF8*$!
{
	archiveVersion = 1;
	classes = {
	};
	objectVersion = 46;
	objects = {

/* Begin PBXBuildFile section */
		95116C4FD5F477D769BE81AB /* libPods.a in Frameworks */ = {isa = PBXBuildFile; fileRef = 95EB168C707451FBDF5A5061 /* libPods.a */; };
		FA36039A1C8FCDFC001D124F /* main.m in Sources */ = {isa = PBXBuildFile; fileRef = FA3603991C8FCDFC001D124F /* main.m */; };
		FA36039D1C8FCDFC001D124F /* AppDelegate.m in Sources */ = {isa = PBXBuildFile; fileRef = FA36039C1C8FCDFC001D124F /* AppDelegate.m */; };
		FA3603A01C8FCDFC001D124F /* ViewController.m in Sources */ = {isa = PBXBuildFile; fileRef = FA36039F1C8FCDFC001D124F /* ViewController.m */; };
		FA3603A31C8FCDFC001D124F /* Main.storyboard in Resources */ = {isa = PBXBuildFile; fileRef = FA3603A11C8FCDFC001D124F /* Main.storyboard */; };
		FA3603A51C8FCDFC001D124F /* Assets.xcassets in Resources */ = {isa = PBXBuildFile; fileRef = FA3603A41C8FCDFC001D124F /* Assets.xcassets */; };
		FA3603A81C8FCDFC001D124F /* LaunchScreen.storyboard in Resources */ = {isa = PBXBuildFile; fileRef = FA3603A61C8FCDFC001D124F /* LaunchScreen.storyboard */; };
		FA3603D11C900116001D124F /* customer.html in Resources */ = {isa = PBXBuildFile; fileRef = FA3603D01C900116001D124F /* customer.html */; };
/* End PBXBuildFile section */

/* Begin PBXFileReference section */
		95EB168C707451FBDF5A5061 /* libPods.a */ = {isa = PBXFileReference; explicitFileType = archive.ar; includeInIndex = 0; path = libPods.a; sourceTree = BUILT_PRODUCTS_DIR; };
		AB1786CB382AA5F27A988167 /* Pods.debug.xcconfig */ = {isa = PBXFileReference; includeInIndex = 1; lastKnownFileType = text.xcconfig; name = Pods.debug.xcconfig; path = "Pods/Target Support Files/Pods/Pods.debug.xcconfig"; sourceTree = "<group>"; };
		B2ECDFD953A5171B8E63C988 /* Pods.release.xcconfig */ = {isa = PBXFileReference; includeInIndex = 1; lastKnownFileType = text.xcconfig; name = Pods.release.xcconfig; path = "Pods/Target Support Files/Pods/Pods.release.xcconfig"; sourceTree = "<group>"; };
		FA3603951C8FCDFC001D124F /* iOS_Pod_CodeDemo.app */ = {isa = PBXFileReference; explicitFileType = wrapper.application; includeInIndex = 0; path = iOS_Pod_CodeDemo.app; sourceTree = BUILT_PRODUCTS_DIR; };
		FA3603991C8FCDFC001D124F /* main.m */ = {isa = PBXFileReference; lastKnownFileType = sourcecode.c.objc; path = main.m; sourceTree = "<group>"; };
		FA36039B1C8FCDFC001D124F /* AppDelegate.h */ = {isa = PBXFileReference; lastKnownFileType = sourcecode.c.h; path = AppDelegate.h; sourceTree = "<group>"; };
		FA36039C1C8FCDFC001D124F /* AppDelegate.m */ = {isa = PBXFileReference; lastKnownFileType = sourcecode.c.objc; path = AppDelegate.m; sourceTree = "<group>"; };
		FA36039E1C8FCDFC001D124F /* ViewController.h */ = {isa = PBXFileReference; lastKnownFileType = sourcecode.c.h; path = ViewController.h; sourceTree = "<group>"; };
		FA36039F1C8FCDFC001D124F /* ViewController.m */ = {isa = PBXFileReference; lastKnownFileType = sourcecode.c.objc; path = ViewController.m; sourceTree = "<group>"; };
		FA3603A21C8FCDFC001D124F /* Base */ = {isa = PBXFileReference; lastKnownFileType = file.storyboard; name = Base; path = Base.lproj/Main.storyboard; sourceTree = "<group>"; };
		FA3603A41C8FCDFC001D124F /* Assets.xcassets */ = {isa = PBXFileReference; lastKnownFileType = folder.assetcatalog; path = Assets.xcassets; sourceTree = "<group>"; };
		FA3603A71C8FCDFC001D124F /* Base */ = {isa = PBXFileReference; lastKnownFileType = file.storyboard; name = Base; path = Base.lproj/LaunchScreen.storyboard; sourceTree = "<group>"; };
		FA3603A91C8FCDFC001D124F /* Info.plist */ = {isa = PBXFileReference; lastKnownFileType = text.plist.xml; path = Info.plist; sourceTree = "<group>"; };
		FA3603B31C8FEB1E001D124F /* PrefixHeader.pch */ = {isa = PBXFileReference; lastKnownFileType = sourcecode.c.h; path = PrefixHeader.pch; sourceTree = "<group>"; };
		FA3603D01C900116001D124F /* customer.html */ = {isa = PBXFileReference; fileEncoding = 4; lastKnownFileType = text.html; path = customer.html; sourceTree = "<group>"; };
/* End PBXFileReference section */

/* Begin PBXFrameworksBuildPhase section */
		FA3603921C8FCDFC001D124F /* Frameworks */ = {
			isa = PBXFrameworksBuildPhase;
			buildActionMask = 2147483647;
			files = (
				95116C4FD5F477D769BE81AB /* libPods.a in Frameworks */,
			);
			runOnlyForDeploymentPostprocessing = 0;
		};
/* End PBXFrameworksBuildPhase section */

/* Begin PBXGroup section */
		14DAC691EF7E38E20D127370 /* Frameworks */ = {
			isa = PBXGroup;
			children = (
				95EB168C707451FBDF5A5061 /* libPods.a */,
			);
			name = Frameworks;
			sourceTree = "<group>";
		};
		FA36038C1C8FCDFC001D124F = {
			isa = PBXGroup;
			children = (
				FA3603971C8FCDFC001D124F /* iOS_Pod_CodeDemo */,
				FA3603961C8FCDFC001D124F /* Products */,
				FDA392F644D9D61382C64FB0 /* Pods */,
				14DAC691EF7E38E20D127370 /* Frameworks */,
			);
			sourceTree = "<group>";
		};
		FA3603961C8FCDFC001D124F /* Products */ = {
			isa = PBXGroup;
			children = (
				FA3603951C8FCDFC001D124F /* iOS_Pod_CodeDemo.app */,
			);
			name = Products;
			sourceTree = "<group>";
		};
		FA3603971C8FCDFC001D124F /* iOS_Pod_CodeDemo */ = {
			isa = PBXGroup;
			children = (
				FA36039B1C8FCDFC001D124F /* AppDelegate.h */,
				FA36039C1C8FCDFC001D124F /* AppDelegate.m */,
				FA3603B31C8FEB1E001D124F /* PrefixHeader.pch */,
				FA36039E1C8FCDFC001D124F /* ViewController.h */,
				FA36039F1C8FCDFC001D124F /* ViewController.m */,
				FA3603D21C900119001D124F /* Resource */,
				FA3603A11C8FCDFC001D124F /* Main.storyboard */,
				FA3603A41C8FCDFC001D124F /* Assets.xcassets */,
				FA3603A61C8FCDFC001D124F /* LaunchScreen.storyboard */,
				FA3603A91C8FCDFC001D124F /* Info.plist */,
				FA3603981C8FCDFC001D124F /* Supporting Files */,
			);
			path = iOS_Pod_CodeDemo;
			sourceTree = "<group>";
		};
		FA3603981C8FCDFC001D124F /* Supporting Files */ = {
			isa = PBXGroup;
			children = (
				FA3603991C8FCDFC001D124F /* main.m */,
			);
			name = "Supporting Files";
			sourceTree = "<group>";
		};
		FA3603D21C900119001D124F /* Resource */ = {
			isa = PBXGroup;
			children = (
				FA3603D01C900116001D124F /* customer.html */,
			);
			name = Resource;
			sourceTree = "<group>";
		};
		FDA392F644D9D61382C64FB0 /* Pods */ = {
			isa = PBXGroup;
			children = (
				AB1786CB382AA5F27A988167 /* Pods.debug.xcconfig */,
				B2ECDFD953A5171B8E63C988 /* Pods.release.xcconfig */,
			);
			name = Pods;
			sourceTree = "<group>";
		};
/* End PBXGroup section */

/* Begin PBXNativeTarget section */
		FA3603941C8FCDFC001D124F /* iOS_Pod_CodeDemo */ = {
			isa = PBXNativeTarget;
			buildConfigurationList = FA3603AC1C8FCDFC001D124F /* Build configuration list for PBXNativeTarget "iOS_Pod_CodeDemo" */;
			buildPhases = (
				B84028FF710936F2034C79BF /* Check Pods Manifest.lock */,
				FA3603911C8FCDFC001D124F /* Sources */,
				FA3603921C8FCDFC001D124F /* Frameworks */,
				FA3603931C8FCDFC001D124F /* Resources */,
				9059CE5A6E39BF59D8D4CE9F /* Embed Pods Frameworks */,
				9BCFFE64C971EE2E9F14EC5E /* Copy Pods Resources */,
			);
			buildRules = (
			);
			dependencies = (
			);
			name = iOS_Pod_CodeDemo;
			productName = iOS_Pod_CodeDemo;
			productReference = FA3603951C8FCDFC001D124F /* iOS_Pod_CodeDemo.app */;
			productType = "com.apple.product-type.application";
		};
/* End PBXNativeTarget section */

/* Begin PBXProject section */
		FA36038D1C8FCDFC001D124F /* Project object */ = {
			isa = PBXProject;
			attributes = {
				LastUpgradeCheck = 0710;
				ORGANIZATIONNAME = "mac book";
				TargetAttributes = {
					FA3603941C8FCDFC001D124F = {
						CreatedOnToolsVersion = 7.1;
					};
				};
			};
			buildConfigurationList = FA3603901C8FCDFC001D124F /* Build configuration list for PBXProject "iOS_Pod_CodeDemo" */;
			compatibilityVersion = "Xcode 3.2";
			developmentRegion = English;
			hasScannedForEncodings = 0;
			knownRegions = (
				en,
				Base,
			);
			mainGroup = FA36038C1C8FCDFC001D124F;
			productRefGroup = FA3603961C8FCDFC001D124F /* Products */;
			projectDirPath = "";
			projectRoot = "";
			targets = (
				FA3603941C8FCDFC001D124F /* iOS_Pod_CodeDemo */,
			);
		};
/* End PBXProject section */

/* Begin PBXResourcesBuildPhase section */
		FA3603931C8FCDFC001D124F /* Resources */ = {
			isa = PBXResourcesBuildPhase;
			buildActionMask = 2147483647;
			files = (
				FA3603A81C8FCDFC001D124F /* LaunchScreen.storyboard in Resources */,
				FA3603A51C8FCDFC001D124F /* Assets.xcassets in Resources */,
				FA3603D11C900116001D124F /* customer.html in Resources */,
				FA3603A31C8FCDFC001D124F /* Main.storyboard in Resources */,
			);
			runOnlyForDeploymentPostprocessing = 0;
		};
/* End PBXResourcesBuildPhase section */

/* Begin PBXShellScriptBuildPhase section */
		9059CE5A6E39BF59D8D4CE9F /* Embed Pods Frameworks */ = {
			isa = PBXShellScriptBuildPhase;
			buildActionMask = 2147483647;
			files = (
			);
			inputPaths = (
			);
			name = "Embed Pods Frameworks";
			outputPaths = (
			);
			runOnlyForDeploymentPostprocessing = 0;
			shellPath = /bin/sh;
			shellScript = "\"${SRCROOT}/Pods/Target Support Files/Pods/Pods-frameworks.sh\"\n";
			showEnvVarsInLog = 0;
		};
		9BCFFE64C971EE2E9F14EC5E /* Copy Pods Resources */ = {
			isa = PBXShellScriptBuildPhase;
			buildActionMask = 2147483647;
			files = (
			);
			inputPaths = (
			);
			name = "Copy Pods Resources";
			outputPaths = (
			);
			runOnlyForDeploymentPostprocessing = 0;
			shellPath = /bin/sh;
			shellScript = "\"${SRCROOT}/Pods/Target Support Files/Pods/Pods-resources.sh\"\n";
			showEnvVarsInLog = 0;
		};
		B84028FF710936F2034C79BF /* Check Pods Manifest.lock */ = {
			isa = PBXShellScriptBuildPhase;
			buildActionMask = 2147483647;
			files = (
			);
			inputPaths = (
			);
			name = "Check Pods Manifest.lock";
			outputPaths = (
			);
			runOnlyForDeploymentPostprocessing = 0;
			shellPath = /bin/sh;
			shellScript = "diff \"${PODS_ROOT}/../Podfile.lock\" \"${PODS_ROOT}/Manifest.lock\" > /dev/null\nif [[ $? != 0 ]] ; then\n    cat << EOM\nerror: The sandbox is not in sync with the Podfile.lock. Run 'pod install' or update your CocoaPods installation.\nEOM\n    exit 1\nfi\n";
			showEnvVarsInLog = 0;
		};
/* End PBXShellScriptBuildPhase section */

/* Begin PBXSourcesBuildPhase section */
		FA3603911C8FCDFC001D124F /* Sources */ = {
			isa = PBXSourcesBuildPhase;
			buildActionMask = 2147483647;
			files = (
				FA3603A01C8FCDFC001D124F /* ViewController.m in Sources */,
				FA36039D1C8FCDFC001D124F /* AppDelegate.m in Sources */,
				FA36039A1C8FCDFC001D124F /* main.m in Sources */,
			);
			runOnlyForDeploymentPostprocessing = 0;
		};
/* End PBXSourcesBuildPhase section */

/* Begin PBXVariantGroup section */
		FA3603A11C8FCDFC001D124F /* Main.storyboard */ = {
			isa = PBXVariantGroup;
			children = (
				FA3603A21C8FCDFC001D124F /* Base */,
			);
			name = Main.storyboard;
			sourceTree = "<group>";
		};
		FA3603A61C8FCDFC001D124F /* LaunchScreen.storyboard */ = {
			isa = PBXVariantGroup;
			children = (
				FA3603A71C8FCDFC001D124F /* Base */,
			);
			name = LaunchScreen.storyboard;
			sourceTree = "<group>";
		};
/* End PBXVariantGroup section */

/* Begin XCBuildConfiguration section */
		FA3603AA1C8FCDFC001D124F /* Debug */ = {
			isa = XCBuildConfiguration;
			buildSettings = {
				ALWAYS_SEARCH_USER_PATHS = NO;
				CLANG_CXX_LANGUAGE_STANDARD = "gnu++0x";
				CLANG_CXX_LIBRARY = "libc++";
				CLANG_ENABLE_MODULES = YES;
				CLANG_ENABLE_OBJC_ARC = YES;
				CLANG_WARN_BOOL_CONVERSION = YES;
				CLANG_WARN_CONSTANT_CONVERSION = YES;
				CLANG_WARN_DIRECT_OBJC_ISA_USAGE = YES_ERROR;
				CLANG_WARN_EMPTY_BODY = YES;
				CLANG_WARN_ENUM_CONVERSION = YES;
				CLANG_WARN_INT_CONVERSION = YES;
				CLANG_WARN_OBJC_ROOT_CLASS = YES_ERROR;
				CLANG_WARN_UNREACHABLE_CODE = YES;
				CLANG_WARN__DUPLICATE_METHOD_MATCH = YES;
				"CODE_SIGN_IDENTITY[sdk=iphoneos*]" = "iPhone Developer";
				COPY_PHASE_STRIP = NO;
				DEBUG_INFORMATION_FORMAT = dwarf;
				ENABLE_STRICT_OBJC_MSGSEND = YES;
				ENABLE_TESTABILITY = YES;
				GCC_C_LANGUAGE_STANDARD = gnu99;
				GCC_DYNAMIC_NO_PIC = NO;
				GCC_NO_COMMON_BLOCKS = YES;
				GCC_OPTIMIZATION_LEVEL = 0;
				GCC_PREPROCESSOR_DEFINITIONS = (
					"DEBUG=1",
					"$(inherited)",
				);
				GCC_WARN_64_TO_32_BIT_CONVERSION = YES;
				GCC_WARN_ABOUT_RETURN_TYPE = YES_ERROR;
				GCC_WARN_UNDECLARED_SELECTOR = YES;
				GCC_WARN_UNINITIALIZED_AUTOS = YES_AGGRESSIVE;
				GCC_WARN_UNUSED_FUNCTION = YES;
				GCC_WARN_UNUSED_VARIABLE = YES;
				IPHONEOS_DEPLOYMENT_TARGET = 9.1;
				MTL_ENABLE_DEBUG_INFO = YES;
				ONLY_ACTIVE_ARCH = YES;
				SDKROOT = iphoneos;
				TARGETED_DEVICE_FAMILY = "1,2";
			};
			name = Debug;
		};
		FA3603AB1C8FCDFC001D124F /* Release */ = {
			isa = XCBuildConfiguration;
			buildSettings = {
				ALWAYS_SEARCH_USER_PATHS = NO;
				CLANG_CXX_LANGUAGE_STANDARD = "gnu++0x";
				CLANG_CXX_LIBRARY = "libc++";
				CLANG_ENABLE_MODULES = YES;
				CLANG_ENABLE_OBJC_ARC = YES;
				CLANG_WARN_BOOL_CONVERSION = YES;
				CLANG_WARN_CONSTANT_CONVERSION = YES;
				CLANG_WARN_DIRECT_OBJC_ISA_USAGE = YES_ERROR;
				CLANG_WARN_EMPTY_BODY = YES;
				CLANG_WARN_ENUM_CONVERSION = YES;
				CLANG_WARN_INT_CONVERSION = YES;
				CLANG_WARN_OBJC_ROOT_CLASS = YES_ERROR;
				CLANG_WARN_UNREACHABLE_CODE = YES;
				CLANG_WARN__DUPLICATE_METHOD_MATCH = YES;
				"CODE_SIGN_IDENTITY[sdk=iphoneos*]" = "iPhone Developer";
				COPY_PHASE_STRIP = NO;
				DEBUG_INFORMATION_FORMAT = "dwarf-with-dsym";
				ENABLE_NS_ASSERTIONS = NO;
				ENABLE_STRICT_OBJC_MSGSEND = YES;
				GCC_C_LANGUAGE_STANDARD = gnu99;
				GCC_NO_COMMON_BLOCKS = YES;
				GCC_WARN_64_TO_32_BIT_CONVERSION = YES;
				GCC_WARN_ABOUT_RETURN_TYPE = YES_ERROR;
				GCC_WARN_UNDECLARED_SELECTOR = YES;
				GCC_WARN_UNINITIALIZED_AUTOS = YES_AGGRESSIVE;
				GCC_WARN_UNUSED_FUNCTION = YES;
				GCC_WARN_UNUSED_VARIABLE = YES;
				IPHONEOS_DEPLOYMENT_TARGET = 9.1;
				MTL_ENABLE_DEBUG_INFO = NO;
				SDKROOT = iphoneos;
				TARGETED_DEVICE_FAMILY = "1,2";
				VALIDATE_PRODUCT = YES;
			};
			name = Release;
		};
		FA3603AD1C8FCDFC001D124F /* Debug */ = {
			isa = XCBuildConfiguration;
			baseConfigurationReference = AB1786CB382AA5F27A988167 /* Pods.debug.xcconfig */;
			buildSettings = {
				ASSETCATALOG_COMPILER_APPICON_NAME = AppIcon;
				GCC_PREFIX_HEADER = iOS_Pod_CodeDemo/PrefixHeader.pch;
				INFOPLIST_FILE = iOS_Pod_CodeDemo/Info.plist;
				IPHONEOS_DEPLOYMENT_TARGET = 8.0;
				LD_RUNPATH_SEARCH_PATHS = "$(inherited) @executable_path/Frameworks";
				PRODUCT_BUNDLE_IDENTIFIER = "yang.iOS-Pod-CodeDemo";
				PRODUCT_NAME = "$(TARGET_NAME)";
			};
			name = Debug;
		};
		FA3603AE1C8FCDFC001D124F /* Release */ = {
			isa = XCBuildConfiguration;
			baseConfigurationReference = B2ECDFD953A5171B8E63C988 /* Pods.release.xcconfig */;
			buildSettings = {
				ASSETCATALOG_COMPILER_APPICON_NAME = AppIcon;
				GCC_PREFIX_HEADER = iOS_Pod_CodeDemo/PrefixHeader.pch;
				INFOPLIST_FILE = iOS_Pod_CodeDemo/Info.plist;
				IPHONEOS_DEPLOYMENT_TARGET = 8.0;
				LD_RUNPATH_SEARCH_PATHS = "$(inherited) @executable_path/Frameworks";
				PRODUCT_BUNDLE_IDENTIFIER = "yang.iOS-Pod-CodeDemo";
				PRODUCT_NAME = "$(TARGET_NAME)";
			};
			name = Release;
		};
/* End XCBuildConfiguration section */

/* Begin XCConfigurationList section */
		FA3603901C8FCDFC001D124F /* Build configuration list for PBXProject "iOS_Pod_CodeDemo" */ = {
			isa = XCConfigurationList;
			buildConfigurations = (
				FA3603AA1C8FCDFC001D124F /* Debug */,
				FA3603AB1C8FCDFC001D124F /* Release */,
			);
			defaultConfigurationIsVisible = 0;
			defaultConfigurationName = Release;
		};
		FA3603AC1C8FCDFC001D124F /* Build configuration list for PBXNativeTarget "iOS_Pod_CodeDemo" */ = {
			isa = XCConfigurationList;
			buildConfigurations = (
				FA3603AD1C8FCDFC001D124F /* Debug */,
				FA3603AE1C8FCDFC001D124F /* Release */,
			);
			defaultConfigurationIsVisible = 0;
			defaultConfigurationName = Release;
		};
/* End XCConfigurationList section */
	};
	rootObject = FA36038D1C8FCDFC001D124F /* Project object */;
}
