// !$*UTF8*$!
{
	archiveVersion = 1;
	classes = {
	};
	objectVersion = 46;
	objects = {

/* Begin PBXBuildFile section */
		4B0AD17A3F390A7E06756B54 /* Pods_iOS_Pod_CodeDemo.framework in Frameworks */ = {isa = PBXBuildFile; fileRef = 79DC870A990D5A72526D67A3 /* Pods_iOS_Pod_CodeDemo.framework */; };
		FA110A211D8E66170066F174 /* cnblogs_rss.xml in Resources */ = {isa = PBXBuildFile; fileRef = FA110A201D8E66170066F174 /* cnblogs_rss.xml */; };
		FA110A251D8E7F9E0066F174 /* XMLCell.m in Sources */ = {isa = PBXBuildFile; fileRef = FA110A231D8E7F9E0066F174 /* XMLCell.m */; };
		FA110A261D8E7F9E0066F174 /* XMLCell.xib in Resources */ = {isa = PBXBuildFile; fileRef = FA110A241D8E7F9E0066F174 /* XMLCell.xib */; };
		FA110A281D8E9C8A0066F174 /* csdn.xml in Resources */ = {isa = PBXBuildFile; fileRef = FA110A271D8E9C8A0066F174 /* csdn.xml */; };
		FA234BA31D34EC6100A44E2F /* MJExtensionController.m in Sources */ = {isa = PBXBuildFile; fileRef = FA234BA21D34EC6100A44E2F /* MJExtensionController.m */; };
		FA234BA91D34ED0E00A44E2F /* BaseNetManager.m in Sources */ = {isa = PBXBuildFile; fileRef = FA234BA81D34ED0E00A44E2F /* BaseNetManager.m */; };
		FA234BAD1D34EECB00A44E2F /* ServiceModel.m in Sources */ = {isa = PBXBuildFile; fileRef = FA234BAC1D34EECB00A44E2F /* ServiceModel.m */; };
		FA36039A1C8FCDFC001D124F /* main.m in Sources */ = {isa = PBXBuildFile; fileRef = FA3603991C8FCDFC001D124F /* main.m */; };
		FA36039D1C8FCDFC001D124F /* AppDelegate.m in Sources */ = {isa = PBXBuildFile; fileRef = FA36039C1C8FCDFC001D124F /* AppDelegate.m */; };
		FA3603A01C8FCDFC001D124F /* ViewController.m in Sources */ = {isa = PBXBuildFile; fileRef = FA36039F1C8FCDFC001D124F /* ViewController.m */; };
		FA3603A31C8FCDFC001D124F /* Main.storyboard in Resources */ = {isa = PBXBuildFile; fileRef = FA3603A11C8FCDFC001D124F /* Main.storyboard */; };
		FA3603A51C8FCDFC001D124F /* Assets.xcassets in Resources */ = {isa = PBXBuildFile; fileRef = FA3603A41C8FCDFC001D124F /* Assets.xcassets */; };
		FA3603A81C8FCDFC001D124F /* LaunchScreen.storyboard in Resources */ = {isa = PBXBuildFile; fileRef = FA3603A61C8FCDFC001D124F /* LaunchScreen.storyboard */; };
		FA3603D11C900116001D124F /* customer.html in Resources */ = {isa = PBXBuildFile; fileRef = FA3603D01C900116001D124F /* customer.html */; };
		FA7249BA1D8E413E00B7F478 /* XMLParseController.m in Sources */ = {isa = PBXBuildFile; fileRef = FA7249B91D8E413E00B7F478 /* XMLParseController.m */; };
		FA7249BE1D8E45E600B7F478 /* XMLModel.m in Sources */ = {isa = PBXBuildFile; fileRef = FA7249BD1D8E45E600B7F478 /* XMLModel.m */; };
		FAA3F2B51D376CD5007DF465 /* XibViewController.m in Sources */ = {isa = PBXBuildFile; fileRef = FAA3F2AB1D376CD5007DF465 /* XibViewController.m */; };
		FAA3F2B61D376CD5007DF465 /* XibViewController.xib in Resources */ = {isa = PBXBuildFile; fileRef = FAA3F2AC1D376CD5007DF465 /* XibViewController.xib */; };
		FAA3F2B71D376CD5007DF465 /* XibFrameCell.m in Sources */ = {isa = PBXBuildFile; fileRef = FAA3F2AE1D376CD5007DF465 /* XibFrameCell.m */; };
		FAA3F2B81D376CD5007DF465 /* XibFrameCell.xib in Resources */ = {isa = PBXBuildFile; fileRef = FAA3F2AF1D376CD5007DF465 /* XibFrameCell.xib */; };
		FAA3F2B91D376CD5007DF465 /* XibCell.m in Sources */ = {isa = PBXBuildFile; fileRef = FAA3F2B11D376CD5007DF465 /* XibCell.m */; };
		FAA3F2BA1D376CD5007DF465 /* XibCell.xib in Resources */ = {isa = PBXBuildFile; fileRef = FAA3F2B21D376CD5007DF465 /* XibCell.xib */; };
		FAA3F2BB1D376CD5007DF465 /* XibModel.m in Sources */ = {isa = PBXBuildFile; fileRef = FAA3F2B41D376CD5007DF465 /* XibModel.m */; };
		FAA3F2BE1D376D24007DF465 /* UIView+Extension.m in Sources */ = {isa = PBXBuildFile; fileRef = FAA3F2BD1D376D24007DF465 /* UIView+Extension.m */; };
		FAA88B0D1D34CFE70007ABDC /* MainTableController.m in Sources */ = {isa = PBXBuildFile; fileRef = FAA88B0C1D34CFE70007ABDC /* MainTableController.m */; };
		FAA88B101D34D0DB0007ABDC /* GRMustacheController.m in Sources */ = {isa = PBXBuildFile; fileRef = FAA88B0F1D34D0DB0007ABDC /* GRMustacheController.m */; };
		FAA88B131D34D2070007ABDC /* PopViewController.m in Sources */ = {isa = PBXBuildFile; fileRef = FAA88B121D34D2070007ABDC /* PopViewController.m */; };
		FAD45EE81D6D4BF0003B037B /* NSArray+Log.m in Sources */ = {isa = PBXBuildFile; fileRef = FAD45EE51D6D4BF0003B037B /* NSArray+Log.m */; };
		FAD45EE91D6D4BF0003B037B /* NSDictionary+Log.m in Sources */ = {isa = PBXBuildFile; fileRef = FAD45EE71D6D4BF0003B037B /* NSDictionary+Log.m */; };
		FAD45EEB1D6D786A003B037B /* MJExtenView.xib in Resources */ = {isa = PBXBuildFile; fileRef = FAD45EEA1D6D786A003B037B /* MJExtenView.xib */; };
		FAD45EEE1D6D78BE003B037B /* MJExtenView.m in Sources */ = {isa = PBXBuildFile; fileRef = FAD45EED1D6D78BE003B037B /* MJExtenView.m */; };
		FAE7EE171D35D67C0031E184 /* MBProHUDController.m in Sources */ = {isa = PBXBuildFile; fileRef = FAE7EE161D35D67C0031E184 /* MBProHUDController.m */; };
		FAE7EE191D35D8CA0031E184 /* MBProHUDController.storyboard in Resources */ = {isa = PBXBuildFile; fileRef = FAE7EE181D35D8CA0031E184 /* MBProHUDController.storyboard */; };
		FAE7EE1C1D35DCDE0031E184 /* BaseViewController.m in Sources */ = {isa = PBXBuildFile; fileRef = FAE7EE1B1D35DCDE0031E184 /* BaseViewController.m */; };
		FAE7EE331D35E7520031E184 /* box1.tiff in Resources */ = {isa = PBXBuildFile; fileRef = FAE7EE261D35E7520031E184 /* box1.tiff */; };
		FAE7EE341D35E7520031E184 /* box2.tiff in Resources */ = {isa = PBXBuildFile; fileRef = FAE7EE271D35E7520031E184 /* box2.tiff */; };
		FAE7EE351D35E7520031E184 /* box3.tiff in Resources */ = {isa = PBXBuildFile; fileRef = FAE7EE281D35E7520031E184 /* box3.tiff */; };
		FAE7EE361D35E7520031E184 /* box4.tiff in Resources */ = {isa = PBXBuildFile; fileRef = FAE7EE291D35E7520031E184 /* box4.tiff */; };
		FAE7EE371D35E7520031E184 /* box5.tiff in Resources */ = {isa = PBXBuildFile; fileRef = FAE7EE2A1D35E7520031E184 /* box5.tiff */; };
		FAE7EE381D35E7520031E184 /* box6.tiff in Resources */ = {isa = PBXBuildFile; fileRef = FAE7EE2B1D35E7520031E184 /* box6.tiff */; };
		FAE7EE391D35E7520031E184 /* box7.tiff in Resources */ = {isa = PBXBuildFile; fileRef = FAE7EE2C1D35E7520031E184 /* box7.tiff */; };
		FAE7EE3A1D35E7520031E184 /* box8.tiff in Resources */ = {isa = PBXBuildFile; fileRef = FAE7EE2D1D35E7520031E184 /* box8.tiff */; };
		FAE7EE3B1D35E7520031E184 /* box9.tiff in Resources */ = {isa = PBXBuildFile; fileRef = FAE7EE2E1D35E7520031E184 /* box9.tiff */; };
		FAE7EE3C1D35E7520031E184 /* box10.tiff in Resources */ = {isa = PBXBuildFile; fileRef = FAE7EE2F1D35E7520031E184 /* box10.tiff */; };
		FAE7EE3D1D35E7520031E184 /* box11.tiff in Resources */ = {isa = PBXBuildFile; fileRef = FAE7EE301D35E7520031E184 /* box11.tiff */; };
		FAE7EE3E1D35E7520031E184 /* box12.tiff in Resources */ = {isa = PBXBuildFile; fileRef = FAE7EE311D35E7520031E184 /* box12.tiff */; };
		FAE7EE3F1D35E7520031E184 /* box13.tiff in Resources */ = {isa = PBXBuildFile; fileRef = FAE7EE321D35E7520031E184 /* box13.tiff */; };
/* End PBXBuildFile section */

/* Begin PBXFileReference section */
		26B1510A8FAC8A50BA2BEAAE /* Pods-iOS_Pod_CodeDemo.release.xcconfig */ = {isa = PBXFileReference; includeInIndex = 1; lastKnownFileType = text.xcconfig; name = "Pods-iOS_Pod_CodeDemo.release.xcconfig"; path = "Pods/Target Support Files/Pods-iOS_Pod_CodeDemo/Pods-iOS_Pod_CodeDemo.release.xcconfig"; sourceTree = "<group>"; };
		4491D4A16C69911DBF2AAC98 /* Pods-iOS_Pod_CodeDemo.debug.xcconfig */ = {isa = PBXFileReference; includeInIndex = 1; lastKnownFileType = text.xcconfig; name = "Pods-iOS_Pod_CodeDemo.debug.xcconfig"; path = "Pods/Target Support Files/Pods-iOS_Pod_CodeDemo/Pods-iOS_Pod_CodeDemo.debug.xcconfig"; sourceTree = "<group>"; };
		79DC870A990D5A72526D67A3 /* Pods_iOS_Pod_CodeDemo.framework */ = {isa = PBXFileReference; explicitFileType = wrapper.framework; includeInIndex = 0; path = Pods_iOS_Pod_CodeDemo.framework; sourceTree = BUILT_PRODUCTS_DIR; };
		FA110A201D8E66170066F174 /* cnblogs_rss.xml */ = {isa = PBXFileReference; fileEncoding = 4; lastKnownFileType = text.xml; path = cnblogs_rss.xml; sourceTree = "<group>"; };
		FA110A221D8E7F9E0066F174 /* XMLCell.h */ = {isa = PBXFileReference; fileEncoding = 4; lastKnownFileType = sourcecode.c.h; path = XMLCell.h; sourceTree = "<group>"; };
		FA110A231D8E7F9E0066F174 /* XMLCell.m */ = {isa = PBXFileReference; fileEncoding = 4; lastKnownFileType = sourcecode.c.objc; path = XMLCell.m; sourceTree = "<group>"; };
		FA110A241D8E7F9E0066F174 /* XMLCell.xib */ = {isa = PBXFileReference; fileEncoding = 4; lastKnownFileType = file.xib; path = XMLCell.xib; sourceTree = "<group>"; };
		FA110A271D8E9C8A0066F174 /* csdn.xml */ = {isa = PBXFileReference; fileEncoding = 4; lastKnownFileType = text.xml; path = csdn.xml; sourceTree = "<group>"; };
		FA234BA11D34EC6100A44E2F /* MJExtensionController.h */ = {isa = PBXFileReference; fileEncoding = 4; lastKnownFileType = sourcecode.c.h; path = MJExtensionController.h; sourceTree = "<group>"; };
		FA234BA21D34EC6100A44E2F /* MJExtensionController.m */ = {isa = PBXFileReference; fileEncoding = 4; lastKnownFileType = sourcecode.c.objc; path = MJExtensionController.m; sourceTree = "<group>"; };
		FA234BA71D34ED0E00A44E2F /* BaseNetManager.h */ = {isa = PBXFileReference; fileEncoding = 4; lastKnownFileType = sourcecode.c.h; path = BaseNetManager.h; sourceTree = "<group>"; };
		FA234BA81D34ED0E00A44E2F /* BaseNetManager.m */ = {isa = PBXFileReference; fileEncoding = 4; lastKnownFileType = sourcecode.c.objc; path = BaseNetManager.m; sourceTree = "<group>"; };
		FA234BAB1D34EECB00A44E2F /* ServiceModel.h */ = {isa = PBXFileReference; fileEncoding = 4; lastKnownFileType = sourcecode.c.h; path = ServiceModel.h; sourceTree = "<group>"; };
		FA234BAC1D34EECB00A44E2F /* ServiceModel.m */ = {isa = PBXFileReference; fileEncoding = 4; lastKnownFileType = sourcecode.c.objc; path = ServiceModel.m; sourceTree = "<group>"; };
		FA3603951C8FCDFC001D124F /* iOS_Pod_CodeDemo.app */ = {isa = PBXFileReference; explicitFileType = wrapper.application; includeInIndex = 0; path = iOS_Pod_CodeDemo.app; sourceTree = BUILT_PRODUCTS_DIR; };
		FA3603991C8FCDFC001D124F /* main.m */ = {isa = PBXFileReference; lastKnownFileType = sourcecode.c.objc; path = main.m; sourceTree = "<group>"; };
		FA36039B1C8FCDFC001D124F /* AppDelegate.h */ = {isa = PBXFileReference; lastKnownFileType = sourcecode.c.h; path = AppDelegate.h; sourceTree = "<group>"; };
		FA36039C1C8FCDFC001D124F /* AppDelegate.m */ = {isa = PBXFileReference; lastKnownFileType = sourcecode.c.objc; path = AppDelegate.m; sourceTree = "<group>"; };
		FA36039E1C8FCDFC001D124F /* ViewController.h */ = {isa = PBXFileReference; lastKnownFileType = sourcecode.c.h; path = ViewController.h; sourceTree = "<group>"; };
		FA36039F1C8FCDFC001D124F /* ViewController.m */ = {isa = PBXFileReference; lastKnownFileType = sourcecode.c.objc; path = ViewController.m; sourceTree = "<group>"; };
		FA3603A21C8FCDFC001D124F /* Base */ = {isa = PBXFileReference; lastKnownFileType = file.storyboard; name = Base; path = Base.lproj/Main.storyboard; sourceTree = "<group>"; };
		FA3603A41C8FCDFC001D124F /* Assets.xcassets */ = {isa = PBXFileReference; lastKnownFileType = folder.assetcatalog; path = Assets.xcassets; sourceTree = "<group>"; };
		FA3603A71C8FCDFC001D124F /* Base */ = {isa = PBXFileReference; lastKnownFileType = file.storyboard; name = Base; path = Base.lproj/LaunchScreen.storyboard; sourceTree = "<group>"; };
		FA3603A91C8FCDFC001D124F /* Info.plist */ = {isa = PBXFileReference; lastKnownFileType = text.plist.xml; path = Info.plist; sourceTree = "<group>"; };
		FA3603B31C8FEB1E001D124F /* PrefixHeader.pch */ = {isa = PBXFileReference; lastKnownFileType = sourcecode.c.h; path = PrefixHeader.pch; sourceTree = "<group>"; };
		FA3603D01C900116001D124F /* customer.html */ = {isa = PBXFileReference; fileEncoding = 4; lastKnownFileType = text.html; path = customer.html; sourceTree = "<group>"; };
		FA7249B81D8E413E00B7F478 /* XMLParseController.h */ = {isa = PBXFileReference; fileEncoding = 4; lastKnownFileType = sourcecode.c.h; path = XMLParseController.h; sourceTree = "<group>"; };
		FA7249B91D8E413E00B7F478 /* XMLParseController.m */ = {isa = PBXFileReference; fileEncoding = 4; lastKnownFileType = sourcecode.c.objc; path = XMLParseController.m; sourceTree = "<group>"; };
		FA7249BC1D8E45E600B7F478 /* XMLModel.h */ = {isa = PBXFileReference; fileEncoding = 4; lastKnownFileType = sourcecode.c.h; path = XMLModel.h; sourceTree = "<group>"; };
		FA7249BD1D8E45E600B7F478 /* XMLModel.m */ = {isa = PBXFileReference; fileEncoding = 4; lastKnownFileType = sourcecode.c.objc; path = XMLModel.m; sourceTree = "<group>"; };
		FAA3F2AA1D376CD5007DF465 /* XibViewController.h */ = {isa = PBXFileReference; fileEncoding = 4; lastKnownFileType = sourcecode.c.h; path = XibViewController.h; sourceTree = "<group>"; };
		FAA3F2AB1D376CD5007DF465 /* XibViewController.m */ = {isa = PBXFileReference; fileEncoding = 4; lastKnownFileType = sourcecode.c.objc; path = XibViewController.m; sourceTree = "<group>"; };
		FAA3F2AC1D376CD5007DF465 /* XibViewController.xib */ = {isa = PBXFileReference; fileEncoding = 4; lastKnownFileType = file.xib; path = XibViewController.xib; sourceTree = "<group>"; };
		FAA3F2AD1D376CD5007DF465 /* XibFrameCell.h */ = {isa = PBXFileReference; fileEncoding = 4; lastKnownFileType = sourcecode.c.h; path = XibFrameCell.h; sourceTree = "<group>"; };
		FAA3F2AE1D376CD5007DF465 /* XibFrameCell.m */ = {isa = PBXFileReference; fileEncoding = 4; lastKnownFileType = sourcecode.c.objc; path = XibFrameCell.m; sourceTree = "<group>"; };
		FAA3F2AF1D376CD5007DF465 /* XibFrameCell.xib */ = {isa = PBXFileReference; fileEncoding = 4; lastKnownFileType = file.xib; path = XibFrameCell.xib; sourceTree = "<group>"; };
		FAA3F2B01D376CD5007DF465 /* XibCell.h */ = {isa = PBXFileReference; fileEncoding = 4; lastKnownFileType = sourcecode.c.h; path = XibCell.h; sourceTree = "<group>"; };
		FAA3F2B11D376CD5007DF465 /* XibCell.m */ = {isa = PBXFileReference; fileEncoding = 4; lastKnownFileType = sourcecode.c.objc; path = XibCell.m; sourceTree = "<group>"; };
		FAA3F2B21D376CD5007DF465 /* XibCell.xib */ = {isa = PBXFileReference; fileEncoding = 4; lastKnownFileType = file.xib; path = XibCell.xib; sourceTree = "<group>"; };
		FAA3F2B31D376CD5007DF465 /* XibModel.h */ = {isa = PBXFileReference; fileEncoding = 4; lastKnownFileType = sourcecode.c.h; path = XibModel.h; sourceTree = "<group>"; };
		FAA3F2B41D376CD5007DF465 /* XibModel.m */ = {isa = PBXFileReference; fileEncoding = 4; lastKnownFileType = sourcecode.c.objc; path = XibModel.m; sourceTree = "<group>"; };
		FAA3F2BC1D376D24007DF465 /* UIView+Extension.h */ = {isa = PBXFileReference; fileEncoding = 4; lastKnownFileType = sourcecode.c.h; path = "UIView+Extension.h"; sourceTree = "<group>"; };
		FAA3F2BD1D376D24007DF465 /* UIView+Extension.m */ = {isa = PBXFileReference; fileEncoding = 4; lastKnownFileType = sourcecode.c.objc; path = "UIView+Extension.m"; sourceTree = "<group>"; };
		FAA88B0B1D34CFE70007ABDC /* MainTableController.h */ = {isa = PBXFileReference; fileEncoding = 4; lastKnownFileType = sourcecode.c.h; path = MainTableController.h; sourceTree = "<group>"; };
		FAA88B0C1D34CFE70007ABDC /* MainTableController.m */ = {isa = PBXFileReference; fileEncoding = 4; lastKnownFileType = sourcecode.c.objc; path = MainTableController.m; sourceTree = "<group>"; };
		FAA88B0E1D34D0DB0007ABDC /* GRMustacheController.h */ = {isa = PBXFileReference; fileEncoding = 4; lastKnownFileType = sourcecode.c.h; path = GRMustacheController.h; sourceTree = "<group>"; };
		FAA88B0F1D34D0DB0007ABDC /* GRMustacheController.m */ = {isa = PBXFileReference; fileEncoding = 4; lastKnownFileType = sourcecode.c.objc; path = GRMustacheController.m; sourceTree = "<group>"; };
		FAA88B111D34D2070007ABDC /* PopViewController.h */ = {isa = PBXFileReference; fileEncoding = 4; lastKnownFileType = sourcecode.c.h; path = PopViewController.h; sourceTree = "<group>"; };
		FAA88B121D34D2070007ABDC /* PopViewController.m */ = {isa = PBXFileReference; fileEncoding = 4; lastKnownFileType = sourcecode.c.objc; path = PopViewController.m; sourceTree = "<group>"; };
		FAD45EE41D6D4BF0003B037B /* NSArray+Log.h */ = {isa = PBXFileReference; fileEncoding = 4; lastKnownFileType = sourcecode.c.h; path = "NSArray+Log.h"; sourceTree = "<group>"; };
		FAD45EE51D6D4BF0003B037B /* NSArray+Log.m */ = {isa = PBXFileReference; fileEncoding = 4; lastKnownFileType = sourcecode.c.objc; path = "NSArray+Log.m"; sourceTree = "<group>"; };
		FAD45EE61D6D4BF0003B037B /* NSDictionary+Log.h */ = {isa = PBXFileReference; fileEncoding = 4; lastKnownFileType = sourcecode.c.h; path = "NSDictionary+Log.h"; sourceTree = "<group>"; };
		FAD45EE71D6D4BF0003B037B /* NSDictionary+Log.m */ = {isa = PBXFileReference; fileEncoding = 4; lastKnownFileType = sourcecode.c.objc; path = "NSDictionary+Log.m"; sourceTree = "<group>"; };
		FAD45EEA1D6D786A003B037B /* MJExtenView.xib */ = {isa = PBXFileReference; fileEncoding = 4; lastKnownFileType = file.xib; path = MJExtenView.xib; sourceTree = "<group>"; };
		FAD45EEC1D6D78BE003B037B /* MJExtenView.h */ = {isa = PBXFileReference; fileEncoding = 4; lastKnownFileType = sourcecode.c.h; path = MJExtenView.h; sourceTree = "<group>"; };
		FAD45EED1D6D78BE003B037B /* MJExtenView.m */ = {isa = PBXFileReference; fileEncoding = 4; lastKnownFileType = sourcecode.c.objc; path = MJExtenView.m; sourceTree = "<group>"; };
		FAE7EE151D35D67C0031E184 /* MBProHUDController.h */ = {isa = PBXFileReference; fileEncoding = 4; lastKnownFileType = sourcecode.c.h; path = MBProHUDController.h; sourceTree = "<group>"; };
		FAE7EE161D35D67C0031E184 /* MBProHUDController.m */ = {isa = PBXFileReference; fileEncoding = 4; lastKnownFileType = sourcecode.c.objc; path = MBProHUDController.m; sourceTree = "<group>"; };
		FAE7EE181D35D8CA0031E184 /* MBProHUDController.storyboard */ = {isa = PBXFileReference; fileEncoding = 4; lastKnownFileType = file.storyboard; path = MBProHUDController.storyboard; sourceTree = "<group>"; };
		FAE7EE1A1D35DCDE0031E184 /* BaseViewController.h */ = {isa = PBXFileReference; fileEncoding = 4; lastKnownFileType = sourcecode.c.h; path = BaseViewController.h; sourceTree = "<group>"; };
		FAE7EE1B1D35DCDE0031E184 /* BaseViewController.m */ = {isa = PBXFileReference; fileEncoding = 4; lastKnownFileType = sourcecode.c.objc; path = BaseViewController.m; sourceTree = "<group>"; };
		FAE7EE261D35E7520031E184 /* box1.tiff */ = {isa = PBXFileReference; lastKnownFileType = image.tiff; path = box1.tiff; sourceTree = "<group>"; };
		FAE7EE271D35E7520031E184 /* box2.tiff */ = {isa = PBXFileReference; lastKnownFileType = image.tiff; path = box2.tiff; sourceTree = "<group>"; };
		FAE7EE281D35E7520031E184 /* box3.tiff */ = {isa = PBXFileReference; lastKnownFileType = image.tiff; path = box3.tiff; sourceTree = "<group>"; };
		FAE7EE291D35E7520031E184 /* box4.tiff */ = {isa = PBXFileReference; lastKnownFileType = image.tiff; path = box4.tiff; sourceTree = "<group>"; };
		FAE7EE2A1D35E7520031E184 /* box5.tiff */ = {isa = PBXFileReference; lastKnownFileType = image.tiff; path = box5.tiff; sourceTree = "<group>"; };
		FAE7EE2B1D35E7520031E184 /* box6.tiff */ = {isa = PBXFileReference; lastKnownFileType = image.tiff; path = box6.tiff; sourceTree = "<group>"; };
		FAE7EE2C1D35E7520031E184 /* box7.tiff */ = {isa = PBXFileReference; lastKnownFileType = image.tiff; path = box7.tiff; sourceTree = "<group>"; };
		FAE7EE2D1D35E7520031E184 /* box8.tiff */ = {isa = PBXFileReference; lastKnownFileType = image.tiff; path = box8.tiff; sourceTree = "<group>"; };
		FAE7EE2E1D35E7520031E184 /* box9.tiff */ = {isa = PBXFileReference; lastKnownFileType = image.tiff; path = box9.tiff; sourceTree = "<group>"; };
		FAE7EE2F1D35E7520031E184 /* box10.tiff */ = {isa = PBXFileReference; lastKnownFileType = image.tiff; path = box10.tiff; sourceTree = "<group>"; };
		FAE7EE301D35E7520031E184 /* box11.tiff */ = {isa = PBXFileReference; lastKnownFileType = image.tiff; path = box11.tiff; sourceTree = "<group>"; };
		FAE7EE311D35E7520031E184 /* box12.tiff */ = {isa = PBXFileReference; lastKnownFileType = image.tiff; path = box12.tiff; sourceTree = "<group>"; };
		FAE7EE321D35E7520031E184 /* box13.tiff */ = {isa = PBXFileReference; lastKnownFileType = image.tiff; path = box13.tiff; sourceTree = "<group>"; };
/* End PBXFileReference section */

/* Begin PBXFrameworksBuildPhase section */
		FA3603921C8FCDFC001D124F /* Frameworks */ = {
			isa = PBXFrameworksBuildPhase;
			buildActionMask = 2147483647;
			files = (
				4B0AD17A3F390A7E06756B54 /* Pods_iOS_Pod_CodeDemo.framework in Frameworks */,
			);
			runOnlyForDeploymentPostprocessing = 0;
		};
/* End PBXFrameworksBuildPhase section */

/* Begin PBXGroup section */
		B53F194532EDAF9ABFC5BD08 /* Frameworks */ = {
			isa = PBXGroup;
			children = (
				79DC870A990D5A72526D67A3 /* Pods_iOS_Pod_CodeDemo.framework */,
			);
			name = Frameworks;
			sourceTree = "<group>";
		};
		C747EAF87235EACD285F159A /* Pods */ = {
			isa = PBXGroup;
			children = (
				4491D4A16C69911DBF2AAC98 /* Pods-iOS_Pod_CodeDemo.debug.xcconfig */,
				26B1510A8FAC8A50BA2BEAAE /* Pods-iOS_Pod_CodeDemo.release.xcconfig */,
			);
			name = Pods;
			sourceTree = "<group>";
		};
		FA234BA41D34ECCB00A44E2F /* View */ = {
			isa = PBXGroup;
			children = (
				FAA3F2BC1D376D24007DF465 /* UIView+Extension.h */,
				FAA3F2BD1D376D24007DF465 /* UIView+Extension.m */,
			);
			name = View;
			sourceTree = "<group>";
		};
		FA234BA61D34ECE300A44E2F /* Extent */ = {
			isa = PBXGroup;
			children = (
				FA234BA71D34ED0E00A44E2F /* BaseNetManager.h */,
				FA234BA81D34ED0E00A44E2F /* BaseNetManager.m */,
			);
			name = Extent;
			sourceTree = "<group>";
		};
		FA234BAA1D34EEA200A44E2F /* MJEx */ = {
			isa = PBXGroup;
			children = (
				FA234BA11D34EC6100A44E2F /* MJExtensionController.h */,
				FA234BA21D34EC6100A44E2F /* MJExtensionController.m */,
				FAD45EEC1D6D78BE003B037B /* MJExtenView.h */,
				FAD45EED1D6D78BE003B037B /* MJExtenView.m */,
				FAD45EEA1D6D786A003B037B /* MJExtenView.xib */,
				FA234BAB1D34EECB00A44E2F /* ServiceModel.h */,
				FA234BAC1D34EECB00A44E2F /* ServiceModel.m */,
			);
			name = MJEx;
			sourceTree = "<group>";
		};
		FA36038C1C8FCDFC001D124F = {
			isa = PBXGroup;
			children = (
				FA3603971C8FCDFC001D124F /* iOS_Pod_CodeDemo */,
				FA3603961C8FCDFC001D124F /* Products */,
				C747EAF87235EACD285F159A /* Pods */,
				B53F194532EDAF9ABFC5BD08 /* Frameworks */,
			);
			sourceTree = "<group>";
		};
		FA3603961C8FCDFC001D124F /* Products */ = {
			isa = PBXGroup;
			children = (
				FA3603951C8FCDFC001D124F /* iOS_Pod_CodeDemo.app */,
			);
			name = Products;
			sourceTree = "<group>";
		};
		FA3603971C8FCDFC001D124F /* iOS_Pod_CodeDemo */ = {
			isa = PBXGroup;
			children = (
				FA36039B1C8FCDFC001D124F /* AppDelegate.h */,
				FA36039C1C8FCDFC001D124F /* AppDelegate.m */,
				FA3603B31C8FEB1E001D124F /* PrefixHeader.pch */,
				FAA88B0B1D34CFE70007ABDC /* MainTableController.h */,
				FAA88B0C1D34CFE70007ABDC /* MainTableController.m */,
				FAE7EE1A1D35DCDE0031E184 /* BaseViewController.h */,
				FAE7EE1B1D35DCDE0031E184 /* BaseViewController.m */,
				FAD45EE31D6D4BE7003B037B /* Category */,
				FAA88B141D34D8050007ABDC /* SubVCs */,
				FA234BA41D34ECCB00A44E2F /* View */,
				FA234BA61D34ECE300A44E2F /* Extent */,
				FA3603D21C900119001D124F /* Resource */,
				FA3603A11C8FCDFC001D124F /* Main.storyboard */,
				FA3603A41C8FCDFC001D124F /* Assets.xcassets */,
				FA3603A61C8FCDFC001D124F /* LaunchScreen.storyboard */,
				FA3603A91C8FCDFC001D124F /* Info.plist */,
				FA3603981C8FCDFC001D124F /* Supporting Files */,
			);
			path = iOS_Pod_CodeDemo;
			sourceTree = "<group>";
		};
		FA3603981C8FCDFC001D124F /* Supporting Files */ = {
			isa = PBXGroup;
			children = (
				FA3603991C8FCDFC001D124F /* main.m */,
			);
			name = "Supporting Files";
			sourceTree = "<group>";
		};
		FA3603D21C900119001D124F /* Resource */ = {
			isa = PBXGroup;
			children = (
				FAE7EE251D35E7460031E184 /* box */,
				FA3603D01C900116001D124F /* customer.html */,
			);
			name = Resource;
			sourceTree = "<group>";
		};
		FA7249BB1D8E45C900B7F478 /* XMLParse */ = {
			isa = PBXGroup;
			children = (
				FA7249B81D8E413E00B7F478 /* XMLParseController.h */,
				FA7249B91D8E413E00B7F478 /* XMLParseController.m */,
				FA110A221D8E7F9E0066F174 /* XMLCell.h */,
				FA110A231D8E7F9E0066F174 /* XMLCell.m */,
				FA110A241D8E7F9E0066F174 /* XMLCell.xib */,
				FA110A271D8E9C8A0066F174 /* csdn.xml */,
				FA110A201D8E66170066F174 /* cnblogs_rss.xml */,
				FA7249BC1D8E45E600B7F478 /* XMLModel.h */,
				FA7249BD1D8E45E600B7F478 /* XMLModel.m */,
			);
			name = XMLParse;
			sourceTree = "<group>";
		};
		FAA3F2A91D376CAD007DF465 /* Xib_FDTCellVC */ = {
			isa = PBXGroup;
			children = (
				FAA3F2AA1D376CD5007DF465 /* XibViewController.h */,
				FAA3F2AB1D376CD5007DF465 /* XibViewController.m */,
				FAA3F2AC1D376CD5007DF465 /* XibViewController.xib */,
				FAA3F2AD1D376CD5007DF465 /* XibFrameCell.h */,
				FAA3F2AE1D376CD5007DF465 /* XibFrameCell.m */,
				FAA3F2AF1D376CD5007DF465 /* XibFrameCell.xib */,
				FAA3F2B01D376CD5007DF465 /* XibCell.h */,
				FAA3F2B11D376CD5007DF465 /* XibCell.m */,
				FAA3F2B21D376CD5007DF465 /* XibCell.xib */,
				FAA3F2B31D376CD5007DF465 /* XibModel.h */,
				FAA3F2B41D376CD5007DF465 /* XibModel.m */,
			);
			name = Xib_FDTCellVC;
			sourceTree = "<group>";
		};
		FAA88B141D34D8050007ABDC /* SubVCs */ = {
			isa = PBXGroup;
			children = (
				FAA88B111D34D2070007ABDC /* PopViewController.h */,
				FAA88B121D34D2070007ABDC /* PopViewController.m */,
				FAA88B0E1D34D0DB0007ABDC /* GRMustacheController.h */,
				FAA88B0F1D34D0DB0007ABDC /* GRMustacheController.m */,
				FA36039E1C8FCDFC001D124F /* ViewController.h */,
				FA36039F1C8FCDFC001D124F /* ViewController.m */,
				FAE7EE151D35D67C0031E184 /* MBProHUDController.h */,
				FAE7EE161D35D67C0031E184 /* MBProHUDController.m */,
				FAE7EE181D35D8CA0031E184 /* MBProHUDController.storyboard */,
				FA7249BB1D8E45C900B7F478 /* XMLParse */,
				FAA3F2A91D376CAD007DF465 /* Xib_FDTCellVC */,
				FA234BAA1D34EEA200A44E2F /* MJEx */,
			);
			name = SubVCs;
			sourceTree = "<group>";
		};
		FAD45EE31D6D4BE7003B037B /* Category */ = {
			isa = PBXGroup;
			children = (
				FAD45EE41D6D4BF0003B037B /* NSArray+Log.h */,
				FAD45EE51D6D4BF0003B037B /* NSArray+Log.m */,
				FAD45EE61D6D4BF0003B037B /* NSDictionary+Log.h */,
				FAD45EE71D6D4BF0003B037B /* NSDictionary+Log.m */,
			);
			name = Category;
			sourceTree = "<group>";
		};
		FAE7EE251D35E7460031E184 /* box */ = {
			isa = PBXGroup;
			children = (
				FAE7EE261D35E7520031E184 /* box1.tiff */,
				FAE7EE271D35E7520031E184 /* box2.tiff */,
				FAE7EE281D35E7520031E184 /* box3.tiff */,
				FAE7EE291D35E7520031E184 /* box4.tiff */,
				FAE7EE2A1D35E7520031E184 /* box5.tiff */,
				FAE7EE2B1D35E7520031E184 /* box6.tiff */,
				FAE7EE2C1D35E7520031E184 /* box7.tiff */,
				FAE7EE2D1D35E7520031E184 /* box8.tiff */,
				FAE7EE2E1D35E7520031E184 /* box9.tiff */,
				FAE7EE2F1D35E7520031E184 /* box10.tiff */,
				FAE7EE301D35E7520031E184 /* box11.tiff */,
				FAE7EE311D35E7520031E184 /* box12.tiff */,
				FAE7EE321D35E7520031E184 /* box13.tiff */,
			);
			name = box;
			sourceTree = "<group>";
		};
/* End PBXGroup section */

/* Begin PBXNativeTarget section */
		FA3603941C8FCDFC001D124F /* iOS_Pod_CodeDemo */ = {
			isa = PBXNativeTarget;
			buildConfigurationList = FA3603AC1C8FCDFC001D124F /* Build configuration list for PBXNativeTarget "iOS_Pod_CodeDemo" */;
			buildPhases = (
				89A762B1514F22EC6C07EE05 /* 📦 Check Pods Manifest.lock */,
				FA3603911C8FCDFC001D124F /* Sources */,
				FA3603921C8FCDFC001D124F /* Frameworks */,
				FA3603931C8FCDFC001D124F /* Resources */,
				515DD7DF5AE3F1DB494753B5 /* 📦 Embed Pods Frameworks */,
				066471F08E38B2342AF5CA95 /* 📦 Copy Pods Resources */,
			);
			buildRules = (
			);
			dependencies = (
			);
			name = iOS_Pod_CodeDemo;
			productName = iOS_Pod_CodeDemo;
			productReference = FA3603951C8FCDFC001D124F /* iOS_Pod_CodeDemo.app */;
			productType = "com.apple.product-type.application";
		};
/* End PBXNativeTarget section */

/* Begin PBXProject section */
		FA36038D1C8FCDFC001D124F /* Project object */ = {
			isa = PBXProject;
			attributes = {
				LastUpgradeCheck = 0710;
				ORGANIZATIONNAME = "mac book";
				TargetAttributes = {
					FA3603941C8FCDFC001D124F = {
						CreatedOnToolsVersion = 7.1;
					};
				};
			};
			buildConfigurationList = FA3603901C8FCDFC001D124F /* Build configuration list for PBXProject "iOS_Pod_CodeDemo" */;
			compatibilityVersion = "Xcode 3.2";
			developmentRegion = English;
			hasScannedForEncodings = 0;
			knownRegions = (
				en,
				Base,
			);
			mainGroup = FA36038C1C8FCDFC001D124F;
			productRefGroup = FA3603961C8FCDFC001D124F /* Products */;
			projectDirPath = "";
			projectRoot = "";
			targets = (
				FA3603941C8FCDFC001D124F /* iOS_Pod_CodeDemo */,
			);
		};
/* End PBXProject section */

/* Begin PBXResourcesBuildPhase section */
		FA3603931C8FCDFC001D124F /* Resources */ = {
			isa = PBXResourcesBuildPhase;
			buildActionMask = 2147483647;
			files = (
				FAE7EE391D35E7520031E184 /* box7.tiff in Resources */,
				FAE7EE3A1D35E7520031E184 /* box8.tiff in Resources */,
				FAD45EEB1D6D786A003B037B /* MJExtenView.xib in Resources */,
				FAE7EE3B1D35E7520031E184 /* box9.tiff in Resources */,
				FAE7EE3E1D35E7520031E184 /* box12.tiff in Resources */,
				FAE7EE3D1D35E7520031E184 /* box11.tiff in Resources */,
				FAE7EE3F1D35E7520031E184 /* box13.tiff in Resources */,
				FAA3F2BA1D376CD5007DF465 /* XibCell.xib in Resources */,
				FA3603A81C8FCDFC001D124F /* LaunchScreen.storyboard in Resources */,
				FAE7EE341D35E7520031E184 /* box2.tiff in Resources */,
				FAE7EE191D35D8CA0031E184 /* MBProHUDController.storyboard in Resources */,
				FAE7EE361D35E7520031E184 /* box4.tiff in Resources */,
				FA3603A51C8FCDFC001D124F /* Assets.xcassets in Resources */,
				FA3603D11C900116001D124F /* customer.html in Resources */,
				FAE7EE371D35E7520031E184 /* box5.tiff in Resources */,
				FAE7EE331D35E7520031E184 /* box1.tiff in Resources */,
				FA110A281D8E9C8A0066F174 /* csdn.xml in Resources */,
				FAE7EE351D35E7520031E184 /* box3.tiff in Resources */,
				FAE7EE381D35E7520031E184 /* box6.tiff in Resources */,
				FAE7EE3C1D35E7520031E184 /* box10.tiff in Resources */,
				FA3603A31C8FCDFC001D124F /* Main.storyboard in Resources */,
				FAA3F2B61D376CD5007DF465 /* XibViewController.xib in Resources */,
				FA110A261D8E7F9E0066F174 /* XMLCell.xib in Resources */,
				FAA3F2B81D376CD5007DF465 /* XibFrameCell.xib in Resources */,
				FA110A211D8E66170066F174 /* cnblogs_rss.xml in Resources */,
			);
			runOnlyForDeploymentPostprocessing = 0;
		};
/* End PBXResourcesBuildPhase section */

/* Begin PBXShellScriptBuildPhase section */
		066471F08E38B2342AF5CA95 /* 📦 Copy Pods Resources */ = {
			isa = PBXShellScriptBuildPhase;
			buildActionMask = 2147483647;
			files = (
			);
			inputPaths = (
			);
			name = "📦 Copy Pods Resources";
			outputPaths = (
			);
			runOnlyForDeploymentPostprocessing = 0;
			shellPath = /bin/sh;
			shellScript = "\"${SRCROOT}/Pods/Target Support Files/Pods-iOS_Pod_CodeDemo/Pods-iOS_Pod_CodeDemo-resources.sh\"\n";
			showEnvVarsInLog = 0;
		};
		515DD7DF5AE3F1DB494753B5 /* 📦 Embed Pods Frameworks */ = {
			isa = PBXShellScriptBuildPhase;
			buildActionMask = 2147483647;
			files = (
			);
			inputPaths = (
			);
			name = "📦 Embed Pods Frameworks";
			outputPaths = (
			);
			runOnlyForDeploymentPostprocessing = 0;
			shellPath = /bin/sh;
			shellScript = "\"${SRCROOT}/Pods/Target Support Files/Pods-iOS_Pod_CodeDemo/Pods-iOS_Pod_CodeDemo-frameworks.sh\"\n";
			showEnvVarsInLog = 0;
		};
		89A762B1514F22EC6C07EE05 /* 📦 Check Pods Manifest.lock */ = {
			isa = PBXShellScriptBuildPhase;
			buildActionMask = 2147483647;
			files = (
			);
			inputPaths = (
			);
			name = "📦 Check Pods Manifest.lock";
			outputPaths = (
			);
			runOnlyForDeploymentPostprocessing = 0;
			shellPath = /bin/sh;
			shellScript = "diff \"${PODS_ROOT}/../Podfile.lock\" \"${PODS_ROOT}/Manifest.lock\" > /dev/null\nif [[ $? != 0 ]] ; then\n    cat << EOM\nerror: The sandbox is not in sync with the Podfile.lock. Run 'pod install' or update your CocoaPods installation.\nEOM\n    exit 1\nfi\n";
			showEnvVarsInLog = 0;
		};
/* End PBXShellScriptBuildPhase section */

/* Begin PBXSourcesBuildPhase section */
		FA3603911C8FCDFC001D124F /* Sources */ = {
			isa = PBXSourcesBuildPhase;
			buildActionMask = 2147483647;
			files = (
				FA234BA91D34ED0E00A44E2F /* BaseNetManager.m in Sources */,
				FAA3F2BB1D376CD5007DF465 /* XibModel.m in Sources */,
				FA234BA31D34EC6100A44E2F /* MJExtensionController.m in Sources */,
				FAE7EE1C1D35DCDE0031E184 /* BaseViewController.m in Sources */,
				FAD45EE81D6D4BF0003B037B /* NSArray+Log.m in Sources */,
				FAE7EE171D35D67C0031E184 /* MBProHUDController.m in Sources */,
				FAA88B131D34D2070007ABDC /* PopViewController.m in Sources */,
				FA3603A01C8FCDFC001D124F /* ViewController.m in Sources */,
				FAA88B101D34D0DB0007ABDC /* GRMustacheController.m in Sources */,
				FAA3F2B91D376CD5007DF465 /* XibCell.m in Sources */,
				FAA88B0D1D34CFE70007ABDC /* MainTableController.m in Sources */,
				FAA3F2B51D376CD5007DF465 /* XibViewController.m in Sources */,
				FA36039D1C8FCDFC001D124F /* AppDelegate.m in Sources */,
				FA110A251D8E7F9E0066F174 /* XMLCell.m in Sources */,
				FAD45EEE1D6D78BE003B037B /* MJExtenView.m in Sources */,
				FA7249BE1D8E45E600B7F478 /* XMLModel.m in Sources */,
				FAD45EE91D6D4BF0003B037B /* NSDictionary+Log.m in Sources */,
				FAA3F2B71D376CD5007DF465 /* XibFrameCell.m in Sources */,
				FA36039A1C8FCDFC001D124F /* main.m in Sources */,
				FAA3F2BE1D376D24007DF465 /* UIView+Extension.m in Sources */,
				FA234BAD1D34EECB00A44E2F /* ServiceModel.m in Sources */,
				FA7249BA1D8E413E00B7F478 /* XMLParseController.m in Sources */,
			);
			runOnlyForDeploymentPostprocessing = 0;
		};
/* End PBXSourcesBuildPhase section */

/* Begin PBXVariantGroup section */
		FA3603A11C8FCDFC001D124F /* Main.storyboard */ = {
			isa = PBXVariantGroup;
			children = (
				FA3603A21C8FCDFC001D124F /* Base */,
			);
			name = Main.storyboard;
			sourceTree = "<group>";
		};
		FA3603A61C8FCDFC001D124F /* LaunchScreen.storyboard */ = {
			isa = PBXVariantGroup;
			children = (
				FA3603A71C8FCDFC001D124F /* Base */,
			);
			name = LaunchScreen.storyboard;
			sourceTree = "<group>";
		};
/* End PBXVariantGroup section */

/* Begin XCBuildConfiguration section */
		FA3603AA1C8FCDFC001D124F /* Debug */ = {
			isa = XCBuildConfiguration;
			buildSettings = {
				ALWAYS_SEARCH_USER_PATHS = NO;
				CLANG_CXX_LANGUAGE_STANDARD = "gnu++0x";
				CLANG_CXX_LIBRARY = "libc++";
				CLANG_ENABLE_MODULES = YES;
				CLANG_ENABLE_OBJC_ARC = YES;
				CLANG_WARN_BOOL_CONVERSION = YES;
				CLANG_WARN_CONSTANT_CONVERSION = YES;
				CLANG_WARN_DIRECT_OBJC_ISA_USAGE = YES_ERROR;
				CLANG_WARN_EMPTY_BODY = YES;
				CLANG_WARN_ENUM_CONVERSION = YES;
				CLANG_WARN_INT_CONVERSION = YES;
				CLANG_WARN_OBJC_ROOT_CLASS = YES_ERROR;
				CLANG_WARN_UNREACHABLE_CODE = YES;
				CLANG_WARN__DUPLICATE_METHOD_MATCH = YES;
				"CODE_SIGN_IDENTITY[sdk=iphoneos*]" = "iPhone Developer";
				COPY_PHASE_STRIP = NO;
				DEBUG_INFORMATION_FORMAT = dwarf;
				ENABLE_STRICT_OBJC_MSGSEND = YES;
				ENABLE_TESTABILITY = YES;
				GCC_C_LANGUAGE_STANDARD = gnu99;
				GCC_DYNAMIC_NO_PIC = NO;
				GCC_NO_COMMON_BLOCKS = YES;
				GCC_OPTIMIZATION_LEVEL = 0;
				GCC_PREPROCESSOR_DEFINITIONS = (
					"DEBUG=1",
					"$(inherited)",
				);
				GCC_WARN_64_TO_32_BIT_CONVERSION = YES;
				GCC_WARN_ABOUT_RETURN_TYPE = YES_ERROR;
				GCC_WARN_UNDECLARED_SELECTOR = YES;
				GCC_WARN_UNINITIALIZED_AUTOS = YES_AGGRESSIVE;
				GCC_WARN_UNUSED_FUNCTION = YES;
				GCC_WARN_UNUSED_VARIABLE = YES;
				IPHONEOS_DEPLOYMENT_TARGET = 9.1;
				MTL_ENABLE_DEBUG_INFO = YES;
				ONLY_ACTIVE_ARCH = YES;
				SDKROOT = iphoneos;
				TARGETED_DEVICE_FAMILY = "1,2";
			};
			name = Debug;
		};
		FA3603AB1C8FCDFC001D124F /* Release */ = {
			isa = XCBuildConfiguration;
			buildSettings = {
				ALWAYS_SEARCH_USER_PATHS = NO;
				CLANG_CXX_LANGUAGE_STANDARD = "gnu++0x";
				CLANG_CXX_LIBRARY = "libc++";
				CLANG_ENABLE_MODULES = YES;
				CLANG_ENABLE_OBJC_ARC = YES;
				CLANG_WARN_BOOL_CONVERSION = YES;
				CLANG_WARN_CONSTANT_CONVERSION = YES;
				CLANG_WARN_DIRECT_OBJC_ISA_USAGE = YES_ERROR;
				CLANG_WARN_EMPTY_BODY = YES;
				CLANG_WARN_ENUM_CONVERSION = YES;
				CLANG_WARN_INT_CONVERSION = YES;
				CLANG_WARN_OBJC_ROOT_CLASS = YES_ERROR;
				CLANG_WARN_UNREACHABLE_CODE = YES;
				CLANG_WARN__DUPLICATE_METHOD_MATCH = YES;
				"CODE_SIGN_IDENTITY[sdk=iphoneos*]" = "iPhone Developer";
				COPY_PHASE_STRIP = NO;
				DEBUG_INFORMATION_FORMAT = "dwarf-with-dsym";
				ENABLE_NS_ASSERTIONS = NO;
				ENABLE_STRICT_OBJC_MSGSEND = YES;
				GCC_C_LANGUAGE_STANDARD = gnu99;
				GCC_NO_COMMON_BLOCKS = YES;
				GCC_WARN_64_TO_32_BIT_CONVERSION = YES;
				GCC_WARN_ABOUT_RETURN_TYPE = YES_ERROR;
				GCC_WARN_UNDECLARED_SELECTOR = YES;
				GCC_WARN_UNINITIALIZED_AUTOS = YES_AGGRESSIVE;
				GCC_WARN_UNUSED_FUNCTION = YES;
				GCC_WARN_UNUSED_VARIABLE = YES;
				IPHONEOS_DEPLOYMENT_TARGET = 9.1;
				MTL_ENABLE_DEBUG_INFO = NO;
				SDKROOT = iphoneos;
				TARGETED_DEVICE_FAMILY = "1,2";
				VALIDATE_PRODUCT = YES;
			};
			name = Release;
		};
		FA3603AD1C8FCDFC001D124F /* Debug */ = {
			isa = XCBuildConfiguration;
			baseConfigurationReference = 4491D4A16C69911DBF2AAC98 /* Pods-iOS_Pod_CodeDemo.debug.xcconfig */;
			buildSettings = {
				ASSETCATALOG_COMPILER_APPICON_NAME = AppIcon;
				GCC_PREFIX_HEADER = iOS_Pod_CodeDemo/PrefixHeader.pch;
				INFOPLIST_FILE = iOS_Pod_CodeDemo/Info.plist;
				IPHONEOS_DEPLOYMENT_TARGET = 8.0;
				LD_RUNPATH_SEARCH_PATHS = "$(inherited) @executable_path/Frameworks";
				PRODUCT_BUNDLE_IDENTIFIER = "yang.iOS-Pod-CodeDemo";
				PRODUCT_NAME = "$(TARGET_NAME)";
			};
			name = Debug;
		};
		FA3603AE1C8FCDFC001D124F /* Release */ = {
			isa = XCBuildConfiguration;
			baseConfigurationReference = 26B1510A8FAC8A50BA2BEAAE /* Pods-iOS_Pod_CodeDemo.release.xcconfig */;
			buildSettings = {
				ASSETCATALOG_COMPILER_APPICON_NAME = AppIcon;
				GCC_PREFIX_HEADER = iOS_Pod_CodeDemo/PrefixHeader.pch;
				INFOPLIST_FILE = iOS_Pod_CodeDemo/Info.plist;
				IPHONEOS_DEPLOYMENT_TARGET = 8.0;
				LD_RUNPATH_SEARCH_PATHS = "$(inherited) @executable_path/Frameworks";
				PRODUCT_BUNDLE_IDENTIFIER = "yang.iOS-Pod-CodeDemo";
				PRODUCT_NAME = "$(TARGET_NAME)";
			};
			name = Release;
		};
/* End XCBuildConfiguration section */

/* Begin XCConfigurationList section */
		FA3603901C8FCDFC001D124F /* Build configuration list for PBXProject "iOS_Pod_CodeDemo" */ = {
			isa = XCConfigurationList;
			buildConfigurations = (
				FA3603AA1C8FCDFC001D124F /* Debug */,
				FA3603AB1C8FCDFC001D124F /* Release */,
			);
			defaultConfigurationIsVisible = 0;
			defaultConfigurationName = Release;
		};
		FA3603AC1C8FCDFC001D124F /* Build configuration list for PBXNativeTarget "iOS_Pod_CodeDemo" */ = {
			isa = XCConfigurationList;
			buildConfigurations = (
				FA3603AD1C8FCDFC001D124F /* Debug */,
				FA3603AE1C8FCDFC001D124F /* Release */,
			);
			defaultConfigurationIsVisible = 0;
			defaultConfigurationName = Release;
		};
/* End XCConfigurationList section */
	};
	rootObject = FA36038D1C8FCDFC001D124F /* Project object */;
}
